# THIS IS AN AUTOGENERATED FILE. DO NOT EDIT THIS FILE DIRECTLY.
# yarn lockfile v1


pocketbase@^0.11.1:
  version "0.11.1"
  resolved "https://registry.yarnpkg.com/pocketbase/-/pocketbase-0.11.1.tgz#4dff24e88214bbf2eaf99bcd749cef9ee9604dd3"
  integrity sha512-4DeKvS3Yqd8zx4/sHQhalACK5fl2/UfzBTLvCFVrTNBqXpy1epmOaXEiUjHNoZYLFw1IMeksRRaWZR8akARwOQ==
